
Microsoft Visual Studio Solution File, Format Version 12.00
# Visual Studio Version 17
VisualStudioVersion = 17.11.35327.3
MinimumVisualStudioVersion = 10.0.40219.1
Project("{9A19103F-16F7-4668-BE54-9A1E7A4F7556}") = "Projeto1", "Projeto1\Projeto1.csproj", "{0213D1E3-5B81-45C1-805B-06D77F5EA2B2}"
EndProject
Global
	GlobalSection(SolutionConfigurationPlatforms) = preSolution
		Debug|Any CPU = Debug|Any CPU
		Release|Any CPU = Release|Any CPU
	EndGlobalSection
	GlobalSection(ProjectConfigurationPlatforms) = postSolution
		{0213D1E3-5B81-45C1-805B-06D77F5EA2B2}.Debug|Any CPU.ActiveCfg = Debug|Any CPU
		{0213D1E3-5B81-45C1-805B-06D77F5EA2B2}.Debug|Any CPU.Build.0 = Debug|Any CPU
		{0213D1E3-5B81-45C1-805B-06D77F5EA2B2}.Release|Any CPU.ActiveCfg = Release|Any CPU
		{0213D1E3-5B81-45C1-805B-06D77F5EA2B2}.Release|Any CPU.Build.0 = Release|Any CPU
	EndGlobalSection
	GlobalSection(SolutionProperties) = preSolution
		HideSolutionNode = FALSE
	EndGlobalSection
	GlobalSection(ExtensibilityGlobals) = postSolution
		SolutionGuid = {718876DE-87B5-41CF-86EA-0F9FA1BB384F}
	EndGlobalSection
EndGlobal
